
Microsoft Visual Studio Solution File, Format Version 12.00
# Visual Studio 15
VisualStudioVersion = 15.0.27130.2003
MinimumVisualStudioVersion = 10.0.40219.1
Project("{FAE04EC0-301F-11D3-BF4B-00C04F79EFBC}") = "ProgrammingLabs", "ProgrammingLabs\ProgrammingLabs.csproj", "{A0D054E8-D52C-4894-A3DC-D050D85F9B7D}"
EndProject
Project("{2150E333-8FDC-42A3-9474-1A3956D46DE8}") = "Lab1", "Lab1", "{E951F3B9-30E3-4A4A-86C7-25CE54BB1FE5}"
EndProject
Project("{2150E333-8FDC-42A3-9474-1A3956D46DE8}") = "Lab2", "Lab2", "{69972CDA-E533-4681-80A3-DACED793B947}"
EndProject
Project("{FAE04EC0-301F-11D3-BF4B-00C04F79EFBC}") = "Lab1", "..\..\..\Desktop\itmo\csharp\Lab1\Lab1\Lab1.csproj", "{FED404CA-6023-4F80-85A4-9818300279B0}"
EndProject
Global
	GlobalSection(SolutionConfigurationPlatforms) = preSolution
		Debug|Any CPU = Debug|Any CPU
		Release|Any CPU = Release|Any CPU
	EndGlobalSection
	GlobalSection(ProjectConfigurationPlatforms) = postSolution
		{A0D054E8-D52C-4894-A3DC-D050D85F9B7D}.Debug|Any CPU.ActiveCfg = Debug|Any CPU
		{A0D054E8-D52C-4894-A3DC-D050D85F9B7D}.Debug|Any CPU.Build.0 = Debug|Any CPU
		{A0D054E8-D52C-4894-A3DC-D050D85F9B7D}.Release|Any CPU.ActiveCfg = Release|Any CPU
		{A0D054E8-D52C-4894-A3DC-D050D85F9B7D}.Release|Any CPU.Build.0 = Release|Any CPU
		{FED404CA-6023-4F80-85A4-9818300279B0}.Debug|Any CPU.ActiveCfg = Debug|Any CPU
		{FED404CA-6023-4F80-85A4-9818300279B0}.Debug|Any CPU.Build.0 = Debug|Any CPU
		{FED404CA-6023-4F80-85A4-9818300279B0}.Release|Any CPU.ActiveCfg = Release|Any CPU
		{FED404CA-6023-4F80-85A4-9818300279B0}.Release|Any CPU.Build.0 = Release|Any CPU
	EndGlobalSection
	GlobalSection(SolutionProperties) = preSolution
		HideSolutionNode = FALSE
	EndGlobalSection
	GlobalSection(NestedProjects) = preSolution
		{FED404CA-6023-4F80-85A4-9818300279B0} = {E951F3B9-30E3-4A4A-86C7-25CE54BB1FE5}
	EndGlobalSection
	GlobalSection(ExtensibilityGlobals) = postSolution
		SolutionGuid = {FC1EA509-D6C4-4623-93E0-FAD28E91E45D}
	EndGlobalSection
EndGlobal
